
Microsoft Visual Studio Solution File, Format Version 12.00
# Visual Studio Version 16
VisualStudioVersion = 16.0.30114.105
MinimumVisualStudioVersion = 10.0.40219.1
Project("{FAE04EC0-301F-11D3-BF4B-00C04F79EFBC}") = "CloudCustomers.API", "CloudCustomers.API\CloudCustomers.API.csproj", "{DD714FA8-D26B-4271-91F0-87FE0C6D112A}"
EndProject
Project("{FAE04EC0-301F-11D3-BF4B-00C04F79EFBC}") = "CloudCustomers.UnitTests", "CloudCustomers.UnitTests\CloudCustomers.UnitTests.csproj", "{04A7A989-7544-4972-86E8-F2D19E97C18C}"
EndProject
Global
	GlobalSection(SolutionConfigurationPlatforms) = preSolution
		Debug|Any CPU = Debug|Any CPU
		Release|Any CPU = Release|Any CPU
	EndGlobalSection
	GlobalSection(SolutionProperties) = preSolution
		HideSolutionNode = FALSE
	EndGlobalSection
	GlobalSection(ProjectConfigurationPlatforms) = postSolution
		{DD714FA8-D26B-4271-91F0-87FE0C6D112A}.Debug|Any CPU.ActiveCfg = Debug|Any CPU
		{DD714FA8-D26B-4271-91F0-87FE0C6D112A}.Debug|Any CPU.Build.0 = Debug|Any CPU
		{DD714FA8-D26B-4271-91F0-87FE0C6D112A}.Release|Any CPU.ActiveCfg = Release|Any CPU
		{DD714FA8-D26B-4271-91F0-87FE0C6D112A}.Release|Any CPU.Build.0 = Release|Any CPU
		{04A7A989-7544-4972-86E8-F2D19E97C18C}.Debug|Any CPU.ActiveCfg = Debug|Any CPU
		{04A7A989-7544-4972-86E8-F2D19E97C18C}.Debug|Any CPU.Build.0 = Debug|Any CPU
		{04A7A989-7544-4972-86E8-F2D19E97C18C}.Release|Any CPU.ActiveCfg = Release|Any CPU
		{04A7A989-7544-4972-86E8-F2D19E97C18C}.Release|Any CPU.Build.0 = Release|Any CPU
	EndGlobalSection
EndGlobal
